// !$*UTF8*$!
{
	archiveVersion = 1;
	classes = {
	};
	objectVersion = 51;
	objects = {

/* Begin PBXBuildFile section */
		88339F0659195D886273F3A4 /* Pods_Smack.framework in Frameworks */ = {isa = PBXBuildFile; fileRef = CBE434538CA2C4AC856CD91C /* Pods_Smack.framework */; };
		908BE96725AF6D850019FD43 /* Constants.swift in Sources */ = {isa = PBXBuildFile; fileRef = 908BE96625AF6D850019FD43 /* Constants.swift */; };
		908BE96B25AF77820019FD43 /* LoginVC.swift in Sources */ = {isa = PBXBuildFile; fileRef = 908BE96A25AF77820019FD43 /* LoginVC.swift */; };
		908DF13025ACB6CB004EFE38 /* AppDelegate.swift in Sources */ = {isa = PBXBuildFile; fileRef = 908DF12F25ACB6CB004EFE38 /* AppDelegate.swift */; };
		908DF13225ACB6CB004EFE38 /* SceneDelegate.swift in Sources */ = {isa = PBXBuildFile; fileRef = 908DF13125ACB6CB004EFE38 /* SceneDelegate.swift */; };
		908DF13725ACB6CB004EFE38 /* Main.storyboard in Resources */ = {isa = PBXBuildFile; fileRef = 908DF13525ACB6CB004EFE38 /* Main.storyboard */; };
		908DF13925ACB6CC004EFE38 /* Assets.xcassets in Resources */ = {isa = PBXBuildFile; fileRef = 908DF13825ACB6CC004EFE38 /* Assets.xcassets */; };
		908DF13C25ACB6CC004EFE38 /* LaunchScreen.storyboard in Resources */ = {isa = PBXBuildFile; fileRef = 908DF13A25ACB6CC004EFE38 /* LaunchScreen.storyboard */; };
		90AF0BB125ACC7E9006C056A /* SWRevealViewController.m in Sources */ = {isa = PBXBuildFile; fileRef = 90AF0BB025ACC7E9006C056A /* SWRevealViewController.m */; };
		90AF0BBD25AE010F006C056A /* ChatVC.swift in Sources */ = {isa = PBXBuildFile; fileRef = 90AF0BBC25AE010F006C056A /* ChatVC.swift */; };
		90AF0BC125AE0137006C056A /* ChannelVC.swift in Sources */ = {isa = PBXBuildFile; fileRef = 90AF0BC025AE0137006C056A /* ChannelVC.swift */; };
		90AF0BD425AE263F006C056A /* GradientView.swift in Sources */ = {isa = PBXBuildFile; fileRef = 90AF0BD325AE263F006C056A /* GradientView.swift */; };
		90CED52225B0AE4400B64659 /* CreateAccountVC.swift in Sources */ = {isa = PBXBuildFile; fileRef = 90CED52125B0AE4400B64659 /* CreateAccountVC.swift */; };
/* End PBXBuildFile section */

/* Begin PBXFileReference section */
		908BE96625AF6D850019FD43 /* Constants.swift */ = {isa = PBXFileReference; lastKnownFileType = sourcecode.swift; path = Constants.swift; sourceTree = "<group>"; };
		908BE96A25AF77820019FD43 /* LoginVC.swift */ = {isa = PBXFileReference; lastKnownFileType = sourcecode.swift; path = LoginVC.swift; sourceTree = "<group>"; };
		908DF12C25ACB6CB004EFE38 /* Smack.app */ = {isa = PBXFileReference; explicitFileType = wrapper.application; includeInIndex = 0; path = Smack.app; sourceTree = BUILT_PRODUCTS_DIR; };
		908DF12F25ACB6CB004EFE38 /* AppDelegate.swift */ = {isa = PBXFileReference; lastKnownFileType = sourcecode.swift; path = AppDelegate.swift; sourceTree = "<group>"; };
		908DF13125ACB6CB004EFE38 /* SceneDelegate.swift */ = {isa = PBXFileReference; lastKnownFileType = sourcecode.swift; path = SceneDelegate.swift; sourceTree = "<group>"; };
		908DF13625ACB6CB004EFE38 /* Base */ = {isa = PBXFileReference; lastKnownFileType = file.storyboard; name = Base; path = Base.lproj/Main.storyboard; sourceTree = "<group>"; };
		908DF13825ACB6CC004EFE38 /* Assets.xcassets */ = {isa = PBXFileReference; lastKnownFileType = folder.assetcatalog; path = Assets.xcassets; sourceTree = "<group>"; };
		908DF13B25ACB6CC004EFE38 /* Base */ = {isa = PBXFileReference; lastKnownFileType = file.storyboard; name = Base; path = Base.lproj/LaunchScreen.storyboard; sourceTree = "<group>"; };
		908DF13D25ACB6CC004EFE38 /* Info.plist */ = {isa = PBXFileReference; lastKnownFileType = text.plist.xml; path = Info.plist; sourceTree = "<group>"; };
		90AF0BAE25ACC7E8006C056A /* Smack-Bridging-Header.h */ = {isa = PBXFileReference; lastKnownFileType = sourcecode.c.h; path = "Smack-Bridging-Header.h"; sourceTree = "<group>"; };
		90AF0BAF25ACC7E8006C056A /* SWRevealViewController.h */ = {isa = PBXFileReference; fileEncoding = 4; lastKnownFileType = sourcecode.c.h; path = SWRevealViewController.h; sourceTree = "<group>"; };
		90AF0BB025ACC7E9006C056A /* SWRevealViewController.m */ = {isa = PBXFileReference; fileEncoding = 4; lastKnownFileType = sourcecode.c.objc; path = SWRevealViewController.m; sourceTree = "<group>"; };
		90AF0BBC25AE010F006C056A /* ChatVC.swift */ = {isa = PBXFileReference; lastKnownFileType = sourcecode.swift; path = ChatVC.swift; sourceTree = "<group>"; };
		90AF0BC025AE0137006C056A /* ChannelVC.swift */ = {isa = PBXFileReference; lastKnownFileType = sourcecode.swift; path = ChannelVC.swift; sourceTree = "<group>"; };
		90AF0BD325AE263F006C056A /* GradientView.swift */ = {isa = PBXFileReference; lastKnownFileType = sourcecode.swift; path = GradientView.swift; sourceTree = "<group>"; };
		90CED52125B0AE4400B64659 /* CreateAccountVC.swift */ = {isa = PBXFileReference; lastKnownFileType = sourcecode.swift; path = CreateAccountVC.swift; sourceTree = "<group>"; };
		ADE92A7725DB596B62C51599 /* Pods-Smack.debug.xcconfig */ = {isa = PBXFileReference; includeInIndex = 1; lastKnownFileType = text.xcconfig; name = "Pods-Smack.debug.xcconfig"; path = "Target Support Files/Pods-Smack/Pods-Smack.debug.xcconfig"; sourceTree = "<group>"; };
		BFDB08B662E81EBDC1F48FB8 /* Pods-Smack.release.xcconfig */ = {isa = PBXFileReference; includeInIndex = 1; lastKnownFileType = text.xcconfig; name = "Pods-Smack.release.xcconfig"; path = "Target Support Files/Pods-Smack/Pods-Smack.release.xcconfig"; sourceTree = "<group>"; };
		CBE434538CA2C4AC856CD91C /* Pods_Smack.framework */ = {isa = PBXFileReference; explicitFileType = wrapper.framework; includeInIndex = 0; path = Pods_Smack.framework; sourceTree = BUILT_PRODUCTS_DIR; };
/* End PBXFileReference section */

/* Begin PBXFrameworksBuildPhase section */
		908DF12925ACB6CB004EFE38 /* Frameworks */ = {
			isa = PBXFrameworksBuildPhase;
			buildActionMask = 2147483647;
			files = (
				88339F0659195D886273F3A4 /* Pods_Smack.framework in Frameworks */,
			);
			runOnlyForDeploymentPostprocessing = 0;
		};
/* End PBXFrameworksBuildPhase section */

/* Begin PBXGroup section */
		908BE96525AF6D600019FD43 /* Utilities */ = {
			isa = PBXGroup;
			children = (
				908BE96625AF6D850019FD43 /* Constants.swift */,
			);
			path = Utilities;
			sourceTree = "<group>";
		};
		908DF12325ACB6CA004EFE38 = {
			isa = PBXGroup;
			children = (
				908DF12E25ACB6CB004EFE38 /* Smack */,
				908DF12D25ACB6CB004EFE38 /* Products */,
				CD05479092E39726143B6538 /* Pods */,
				D89B03C0E286482CD7DD42FA /* Frameworks */,
			);
			sourceTree = "<group>";
		};
		908DF12D25ACB6CB004EFE38 /* Products */ = {
			isa = PBXGroup;
			children = (
				908DF12C25ACB6CB004EFE38 /* Smack.app */,
			);
			name = Products;
			sourceTree = "<group>";
		};
		908DF12E25ACB6CB004EFE38 /* Smack */ = {
			isa = PBXGroup;
			children = (
				908BE96525AF6D600019FD43 /* Utilities */,
				90AF0BBB25AE00A0006C056A /* Models */,
				90AF0BBA25AE009A006C056A /* Views */,
				90AF0BB925AE0092006C056A /* Controllers */,
				90AF0BAD25ACC7AD006C056A /* Supporting files */,
				908DF12F25ACB6CB004EFE38 /* AppDelegate.swift */,
				908DF13125ACB6CB004EFE38 /* SceneDelegate.swift */,
				908DF13525ACB6CB004EFE38 /* Main.storyboard */,
				908DF13825ACB6CC004EFE38 /* Assets.xcassets */,
				908DF13A25ACB6CC004EFE38 /* LaunchScreen.storyboard */,
				908DF13D25ACB6CC004EFE38 /* Info.plist */,
			);
			path = Smack;
			sourceTree = "<group>";
		};
		90AF0BAD25ACC7AD006C056A /* Supporting files */ = {
			isa = PBXGroup;
			children = (
				90AF0BAF25ACC7E8006C056A /* SWRevealViewController.h */,
				90AF0BB025ACC7E9006C056A /* SWRevealViewController.m */,
				90AF0BAE25ACC7E8006C056A /* Smack-Bridging-Header.h */,
			);
			path = "Supporting files";
			sourceTree = "<group>";
		};
		90AF0BB925AE0092006C056A /* Controllers */ = {
			isa = PBXGroup;
			children = (
				90AF0BBC25AE010F006C056A /* ChatVC.swift */,
				90AF0BC025AE0137006C056A /* ChannelVC.swift */,
				908BE96A25AF77820019FD43 /* LoginVC.swift */,
				90CED52125B0AE4400B64659 /* CreateAccountVC.swift */,
			);
			path = Controllers;
			sourceTree = "<group>";
		};
		90AF0BBA25AE009A006C056A /* Views */ = {
			isa = PBXGroup;
			children = (
				90AF0BD325AE263F006C056A /* GradientView.swift */,
			);
			path = Views;
			sourceTree = "<group>";
		};
		90AF0BBB25AE00A0006C056A /* Models */ = {
			isa = PBXGroup;
			children = (
			);
			path = Models;
			sourceTree = "<group>";
		};
		CD05479092E39726143B6538 /* Pods */ = {
			isa = PBXGroup;
			children = (
				ADE92A7725DB596B62C51599 /* Pods-Smack.debug.xcconfig */,
				BFDB08B662E81EBDC1F48FB8 /* Pods-Smack.release.xcconfig */,
			);
			path = Pods;
			sourceTree = "<group>";
		};
		D89B03C0E286482CD7DD42FA /* Frameworks */ = {
			isa = PBXGroup;
			children = (
				CBE434538CA2C4AC856CD91C /* Pods_Smack.framework */,
			);
			name = Frameworks;
			sourceTree = "<group>";
		};
/* End PBXGroup section */

/* Begin PBXNativeTarget section */
		908DF12B25ACB6CB004EFE38 /* Smack */ = {
			isa = PBXNativeTarget;
			buildConfigurationList = 908DF14025ACB6CC004EFE38 /* Build configuration list for PBXNativeTarget "Smack" */;
			buildPhases = (
				90DFC43D6A37765163943820 /* [CP] Check Pods Manifest.lock */,
				908DF12825ACB6CB004EFE38 /* Sources */,
				908DF12925ACB6CB004EFE38 /* Frameworks */,
				908DF12A25ACB6CB004EFE38 /* Resources */,
				2BF54B6F235B961F6DFB0842 /* [CP] Embed Pods Frameworks */,
			);
			buildRules = (
			);
			dependencies = (
			);
			name = Smack;
			productName = Smack;
			productReference = 908DF12C25ACB6CB004EFE38 /* Smack.app */;
			productType = "com.apple.product-type.application";
		};
/* End PBXNativeTarget section */

/* Begin PBXProject section */
		908DF12425ACB6CA004EFE38 /* Project object */ = {
			isa = PBXProject;
			attributes = {
				LastSwiftUpdateCheck = 1230;
				LastUpgradeCheck = 1230;
				TargetAttributes = {
					908DF12B25ACB6CB004EFE38 = {
						CreatedOnToolsVersion = 12.3;
						LastSwiftMigration = 1230;
					};
				};
			};
			buildConfigurationList = 908DF12725ACB6CA004EFE38 /* Build configuration list for PBXProject "Smack" */;
			compatibilityVersion = "Xcode 9.3";
			developmentRegion = en;
			hasScannedForEncodings = 0;
			knownRegions = (
				en,
				Base,
			);
			mainGroup = 908DF12325ACB6CA004EFE38;
			productRefGroup = 908DF12D25ACB6CB004EFE38 /* Products */;
			projectDirPath = "";
			projectRoot = "";
			targets = (
				908DF12B25ACB6CB004EFE38 /* Smack */,
			);
		};
/* End PBXProject section */

/* Begin PBXResourcesBuildPhase section */
		908DF12A25ACB6CB004EFE38 /* Resources */ = {
			isa = PBXResourcesBuildPhase;
			buildActionMask = 2147483647;
			files = (
				908DF13C25ACB6CC004EFE38 /* LaunchScreen.storyboard in Resources */,
				908DF13925ACB6CC004EFE38 /* Assets.xcassets in Resources */,
				908DF13725ACB6CB004EFE38 /* Main.storyboard in Resources */,
			);
			runOnlyForDeploymentPostprocessing = 0;
		};
/* End PBXResourcesBuildPhase section */

/* Begin PBXShellScriptBuildPhase section */
		2BF54B6F235B961F6DFB0842 /* [CP] Embed Pods Frameworks */ = {
			isa = PBXShellScriptBuildPhase;
			buildActionMask = 2147483647;
			files = (
			);
			inputFileListPaths = (
				"${PODS_ROOT}/Target Support Files/Pods-Smack/Pods-Smack-frameworks-${CONFIGURATION}-input-files.xcfilelist",
			);
			name = "[CP] Embed Pods Frameworks";
			outputFileListPaths = (
				"${PODS_ROOT}/Target Support Files/Pods-Smack/Pods-Smack-frameworks-${CONFIGURATION}-output-files.xcfilelist",
			);
			runOnlyForDeploymentPostprocessing = 0;
			shellPath = /bin/sh;
			shellScript = "\"${PODS_ROOT}/Target Support Files/Pods-Smack/Pods-Smack-frameworks.sh\"\n";
			showEnvVarsInLog = 0;
		};
		90DFC43D6A37765163943820 /* [CP] Check Pods Manifest.lock */ = {
			isa = PBXShellScriptBuildPhase;
			buildActionMask = 2147483647;
			files = (
			);
			inputFileListPaths = (
			);
			inputPaths = (
				"${PODS_PODFILE_DIR_PATH}/Podfile.lock",
				"${PODS_ROOT}/Manifest.lock",
			);
			name = "[CP] Check Pods Manifest.lock";
			outputFileListPaths = (
			);
			outputPaths = (
				"$(DERIVED_FILE_DIR)/Pods-Smack-checkManifestLockResult.txt",
			);
			runOnlyForDeploymentPostprocessing = 0;
			shellPath = /bin/sh;
			shellScript = "diff \"${PODS_PODFILE_DIR_PATH}/Podfile.lock\" \"${PODS_ROOT}/Manifest.lock\" > /dev/null\nif [ $? != 0 ] ; then\n    # print error to STDERR\n    echo \"error: The sandbox is not in sync with the Podfile.lock. Run 'pod install' or update your CocoaPods installation.\" >&2\n    exit 1\nfi\n# This output is used by Xcode 'outputs' to avoid re-running this script phase.\necho \"SUCCESS\" > \"${SCRIPT_OUTPUT_FILE_0}\"\n";
			showEnvVarsInLog = 0;
		};
/* End PBXShellScriptBuildPhase section */

/* Begin PBXSourcesBuildPhase section */
		908DF12825ACB6CB004EFE38 /* Sources */ = {
			isa = PBXSourcesBuildPhase;
			buildActionMask = 2147483647;
			files = (
				90AF0BBD25AE010F006C056A /* ChatVC.swift in Sources */,
				908DF13025ACB6CB004EFE38 /* AppDelegate.swift in Sources */,
				908BE96B25AF77820019FD43 /* LoginVC.swift in Sources */,
				90AF0BD425AE263F006C056A /* GradientView.swift in Sources */,
				908DF13225ACB6CB004EFE38 /* SceneDelegate.swift in Sources */,
				90CED52225B0AE4400B64659 /* CreateAccountVC.swift in Sources */,
				908BE96725AF6D850019FD43 /* Constants.swift in Sources */,
				90AF0BB125ACC7E9006C056A /* SWRevealViewController.m in Sources */,
				90AF0BC125AE0137006C056A /* ChannelVC.swift in Sources */,
			);
			runOnlyForDeploymentPostprocessing = 0;
		};
/* End PBXSourcesBuildPhase section */

/* Begin PBXVariantGroup section */
		908DF13525ACB6CB004EFE38 /* Main.storyboard */ = {
			isa = PBXVariantGroup;
			children = (
				908DF13625ACB6CB004EFE38 /* Base */,
			);
			name = Main.storyboard;
			sourceTree = "<group>";
		};
		908DF13A25ACB6CC004EFE38 /* LaunchScreen.storyboard */ = {
			isa = PBXVariantGroup;
			children = (
				908DF13B25ACB6CC004EFE38 /* Base */,
			);
			name = LaunchScreen.storyboard;
			sourceTree = "<group>";
		};
/* End PBXVariantGroup section */

/* Begin XCBuildConfiguration section */
		908DF13E25ACB6CC004EFE38 /* Debug */ = {
			isa = XCBuildConfiguration;
			buildSettings = {
				ALWAYS_SEARCH_USER_PATHS = NO;
				CLANG_ANALYZER_NONNULL = YES;
				CLANG_ANALYZER_NUMBER_OBJECT_CONVERSION = YES_AGGRESSIVE;
				CLANG_CXX_LANGUAGE_STANDARD = "gnu++14";
				CLANG_CXX_LIBRARY = "libc++";
				CLANG_ENABLE_MODULES = YES;
				CLANG_ENABLE_OBJC_ARC = YES;
				CLANG_ENABLE_OBJC_WEAK = YES;
				CLANG_WARN_BLOCK_CAPTURE_AUTORELEASING = YES;
				CLANG_WARN_BOOL_CONVERSION = YES;
				CLANG_WARN_COMMA = YES;
				CLANG_WARN_CONSTANT_CONVERSION = YES;
				CLANG_WARN_DEPRECATED_OBJC_IMPLEMENTATIONS = YES;
				CLANG_WARN_DIRECT_OBJC_ISA_USAGE = YES_ERROR;
				CLANG_WARN_DOCUMENTATION_COMMENTS = YES;
				CLANG_WARN_EMPTY_BODY = YES;
				CLANG_WARN_ENUM_CONVERSION = YES;
				CLANG_WARN_INFINITE_RECURSION = YES;
				CLANG_WARN_INT_CONVERSION = YES;
				CLANG_WARN_NON_LITERAL_NULL_CONVERSION = YES;
				CLANG_WARN_OBJC_IMPLICIT_RETAIN_SELF = YES;
				CLANG_WARN_OBJC_LITERAL_CONVERSION = YES;
				CLANG_WARN_OBJC_ROOT_CLASS = YES_ERROR;
				CLANG_WARN_QUOTED_INCLUDE_IN_FRAMEWORK_HEADER = YES;
				CLANG_WARN_RANGE_LOOP_ANALYSIS = YES;
				CLANG_WARN_STRICT_PROTOTYPES = YES;
				CLANG_WARN_SUSPICIOUS_MOVE = YES;
				CLANG_WARN_UNGUARDED_AVAILABILITY = YES_AGGRESSIVE;
				CLANG_WARN_UNREACHABLE_CODE = YES;
				CLANG_WARN__DUPLICATE_METHOD_MATCH = YES;
				COPY_PHASE_STRIP = NO;
				DEBUG_INFORMATION_FORMAT = dwarf;
				ENABLE_STRICT_OBJC_MSGSEND = YES;
				ENABLE_TESTABILITY = YES;
				GCC_C_LANGUAGE_STANDARD = gnu11;
				GCC_DYNAMIC_NO_PIC = NO;
				GCC_NO_COMMON_BLOCKS = YES;
				GCC_OPTIMIZATION_LEVEL = 0;
				GCC_PREPROCESSOR_DEFINITIONS = (
					"DEBUG=1",
					"$(inherited)",
				);
				GCC_WARN_64_TO_32_BIT_CONVERSION = YES;
				GCC_WARN_ABOUT_RETURN_TYPE = YES_ERROR;
				GCC_WARN_UNDECLARED_SELECTOR = YES;
				GCC_WARN_UNINITIALIZED_AUTOS = YES_AGGRESSIVE;
				GCC_WARN_UNUSED_FUNCTION = YES;
				GCC_WARN_UNUSED_VARIABLE = YES;
				IPHONEOS_DEPLOYMENT_TARGET = 14.3;
				MTL_ENABLE_DEBUG_INFO = INCLUDE_SOURCE;
				MTL_FAST_MATH = YES;
				ONLY_ACTIVE_ARCH = YES;
				SDKROOT = iphoneos;
				SWIFT_ACTIVE_COMPILATION_CONDITIONS = DEBUG;
				SWIFT_OPTIMIZATION_LEVEL = "-Onone";
			};
			name = Debug;
		};
		908DF13F25ACB6CC004EFE38 /* Release */ = {
			isa = XCBuildConfiguration;
			buildSettings = {
				ALWAYS_SEARCH_USER_PATHS = NO;
				CLANG_ANALYZER_NONNULL = YES;
				CLANG_ANALYZER_NUMBER_OBJECT_CONVERSION = YES_AGGRESSIVE;
				CLANG_CXX_LANGUAGE_STANDARD = "gnu++14";
				CLANG_CXX_LIBRARY = "libc++";
				CLANG_ENABLE_MODULES = YES;
				CLANG_ENABLE_OBJC_ARC = YES;
				CLANG_ENABLE_OBJC_WEAK = YES;
				CLANG_WARN_BLOCK_CAPTURE_AUTORELEASING = YES;
				CLANG_WARN_BOOL_CONVERSION = YES;
				CLANG_WARN_COMMA = YES;
				CLANG_WARN_CONSTANT_CONVERSION = YES;
				CLANG_WARN_DEPRECATED_OBJC_IMPLEMENTATIONS = YES;
				CLANG_WARN_DIRECT_OBJC_ISA_USAGE = YES_ERROR;
				CLANG_WARN_DOCUMENTATION_COMMENTS = YES;
				CLANG_WARN_EMPTY_BODY = YES;
				CLANG_WARN_ENUM_CONVERSION = YES;
				CLANG_WARN_INFINITE_RECURSION = YES;
				CLANG_WARN_INT_CONVERSION = YES;
				CLANG_WARN_NON_LITERAL_NULL_CONVERSION = YES;
				CLANG_WARN_OBJC_IMPLICIT_RETAIN_SELF = YES;
				CLANG_WARN_OBJC_LITERAL_CONVERSION = YES;
				CLANG_WARN_OBJC_ROOT_CLASS = YES_ERROR;
				CLANG_WARN_QUOTED_INCLUDE_IN_FRAMEWORK_HEADER = YES;
				CLANG_WARN_RANGE_LOOP_ANALYSIS = YES;
				CLANG_WARN_STRICT_PROTOTYPES = YES;
				CLANG_WARN_SUSPICIOUS_MOVE = YES;
				CLANG_WARN_UNGUARDED_AVAILABILITY = YES_AGGRESSIVE;
				CLANG_WARN_UNREACHABLE_CODE = YES;
				CLANG_WARN__DUPLICATE_METHOD_MATCH = YES;
				COPY_PHASE_STRIP = NO;
				DEBUG_INFORMATION_FORMAT = "dwarf-with-dsym";
				ENABLE_NS_ASSERTIONS = NO;
				ENABLE_STRICT_OBJC_MSGSEND = YES;
				GCC_C_LANGUAGE_STANDARD = gnu11;
				GCC_NO_COMMON_BLOCKS = YES;
				GCC_WARN_64_TO_32_BIT_CONVERSION = YES;
				GCC_WARN_ABOUT_RETURN_TYPE = YES_ERROR;
				GCC_WARN_UNDECLARED_SELECTOR = YES;
				GCC_WARN_UNINITIALIZED_AUTOS = YES_AGGRESSIVE;
				GCC_WARN_UNUSED_FUNCTION = YES;
				GCC_WARN_UNUSED_VARIABLE = YES;
				IPHONEOS_DEPLOYMENT_TARGET = 14.3;
				MTL_ENABLE_DEBUG_INFO = NO;
				MTL_FAST_MATH = YES;
				SDKROOT = iphoneos;
				SWIFT_COMPILATION_MODE = wholemodule;
				SWIFT_OPTIMIZATION_LEVEL = "-O";
				VALIDATE_PRODUCT = YES;
			};
			name = Release;
		};
		908DF14125ACB6CC004EFE38 /* Debug */ = {
			isa = XCBuildConfiguration;
			baseConfigurationReference = ADE92A7725DB596B62C51599 /* Pods-Smack.debug.xcconfig */;
			buildSettings = {
				ASSETCATALOG_COMPILER_APPICON_NAME = AppIcon;
				ASSETCATALOG_COMPILER_GLOBAL_ACCENT_COLOR_NAME = AccentColor;
				CLANG_ENABLE_MODULES = YES;
				CODE_SIGN_STYLE = Automatic;
				DEVELOPMENT_TEAM = 239C4LZ4JZ;
				INFOPLIST_FILE = Smack/Info.plist;
				LD_RUNPATH_SEARCH_PATHS = (
					"$(inherited)",
					"@executable_path/Frameworks",
				);
				PRODUCT_BUNDLE_IDENTIFIER = com.rahimov.Smack;
				PRODUCT_NAME = "$(TARGET_NAME)";
				SWIFT_OBJC_BRIDGING_HEADER = "Smack/Supporting files/Smack-Bridging-Header.h";
				SWIFT_OPTIMIZATION_LEVEL = "-Onone";
				SWIFT_VERSION = 5.0;
				TARGETED_DEVICE_FAMILY = "1,2";
			};
			name = Debug;
		};
		908DF14225ACB6CC004EFE38 /* Release */ = {
			isa = XCBuildConfiguration;
			baseConfigurationReference = BFDB08B662E81EBDC1F48FB8 /* Pods-Smack.release.xcconfig */;
			buildSettings = {
				ASSETCATALOG_COMPILER_APPICON_NAME = AppIcon;
				ASSETCATALOG_COMPILER_GLOBAL_ACCENT_COLOR_NAME = AccentColor;
				CLANG_ENABLE_MODULES = YES;
				CODE_SIGN_STYLE = Automatic;
				DEVELOPMENT_TEAM = 239C4LZ4JZ;
				INFOPLIST_FILE = Smack/Info.plist;
				LD_RUNPATH_SEARCH_PATHS = (
					"$(inherited)",
					"@executable_path/Frameworks",
				);
				PRODUCT_BUNDLE_IDENTIFIER = com.rahimov.Smack;
				PRODUCT_NAME = "$(TARGET_NAME)";
				SWIFT_OBJC_BRIDGING_HEADER = "Smack/Supporting files/Smack-Bridging-Header.h";
				SWIFT_VERSION = 5.0;
				TARGETED_DEVICE_FAMILY = "1,2";
			};
			name = Release;
		};
/* End XCBuildConfiguration section */

/* Begin XCConfigurationList section */
		908DF12725ACB6CA004EFE38 /* Build configuration list for PBXProject "Smack" */ = {
			isa = XCConfigurationList;
			buildConfigurations = (
				908DF13E25ACB6CC004EFE38 /* Debug */,
				908DF13F25ACB6CC004EFE38 /* Release */,
			);
			defaultConfigurationIsVisible = 0;
			defaultConfigurationName = Release;
		};
		908DF14025ACB6CC004EFE38 /* Build configuration list for PBXNativeTarget "Smack" */ = {
			isa = XCConfigurationList;
			buildConfigurations = (
				908DF14125ACB6CC004EFE38 /* Debug */,
				908DF14225ACB6CC004EFE38 /* Release */,
			);
			defaultConfigurationIsVisible = 0;
			defaultConfigurationName = Release;
		};
/* End XCConfigurationList section */
	};
	rootObject = 908DF12425ACB6CA004EFE38 /* Project object */;
}
